// !$*UTF8*$!
{
	archiveVersion = 1;
	classes = {
	};
	objectVersion = 46;
	objects = {

/* Begin PBXBuildFile section */
		E101C3891CCDAB6200727AC2 /* HLTabBarViewController.m in Sources */ = {isa = PBXBuildFile; fileRef = E101C3881CCDAB6200727AC2 /* HLTabBarViewController.m */; };
		E101C38D1CCDAB8C00727AC2 /* HLTabBar.m in Sources */ = {isa = PBXBuildFile; fileRef = E101C38C1CCDAB8C00727AC2 /* HLTabBar.m */; };
		E101C3921CCDD56500727AC2 /* HLTabBarModel.m in Sources */ = {isa = PBXBuildFile; fileRef = E101C3911CCDD56500727AC2 /* HLTabBarModel.m */; };
		E101C3951CCDEBA900727AC2 /* HLButton.m in Sources */ = {isa = PBXBuildFile; fileRef = E101C3941CCDEBA900727AC2 /* HLButton.m */; };
		E101C39A1CCDEF1000727AC2 /* HLHallViewController.m in Sources */ = {isa = PBXBuildFile; fileRef = E101C3991CCDEF1000727AC2 /* HLHallViewController.m */; };
		E101C39D1CCDF7E700727AC2 /* HLNavigationController.m in Sources */ = {isa = PBXBuildFile; fileRef = E101C39C1CCDF7E700727AC2 /* HLNavigationController.m */; };
		E101C3A11CCE19C900727AC2 /* HLTitleButton.m in Sources */ = {isa = PBXBuildFile; fileRef = E101C3A01CCE19C900727AC2 /* HLTitleButton.m */; };
		E10CDF131CD19D16006BBE47 /* HLSettingCell.m in Sources */ = {isa = PBXBuildFile; fileRef = E10CDF121CD19D16006BBE47 /* HLSettingCell.m */; };
		E10CDF171CD1A154006BBE47 /* HLSettingArrowItemModel.m in Sources */ = {isa = PBXBuildFile; fileRef = E10CDF161CD1A154006BBE47 /* HLSettingArrowItemModel.m */; };
		E10CDF1A1CD1A1A9006BBE47 /* HLSettingSwitchItemModel.m in Sources */ = {isa = PBXBuildFile; fileRef = E10CDF191CD1A1A9006BBE47 /* HLSettingSwitchItemModel.m */; };
		E10CDF1D1CD1DDDC006BBE47 /* HLTestViewController.m in Sources */ = {isa = PBXBuildFile; fileRef = E10CDF1C1CD1DDDC006BBE47 /* HLTestViewController.m */; };
		E10CDF1F1CD1DDEC006BBE47 /* HLTestViewController.xib in Resources */ = {isa = PBXBuildFile; fileRef = E10CDF1E1CD1DDEC006BBE47 /* HLTestViewController.xib */; };
		E10CDF271CD1E1C2006BBE47 /* MBProgressHUD+MJ.m in Sources */ = {isa = PBXBuildFile; fileRef = E10CDF231CD1E1C2006BBE47 /* MBProgressHUD+MJ.m */; };
		E10CDF281CD1E1C2006BBE47 /* MBProgressHUD.bundle in Resources */ = {isa = PBXBuildFile; fileRef = E10CDF241CD1E1C2006BBE47 /* MBProgressHUD.bundle */; };
		E10CDF291CD1E1C2006BBE47 /* MBProgressHUD.m in Sources */ = {isa = PBXBuildFile; fileRef = E10CDF261CD1E1C2006BBE47 /* MBProgressHUD.m */; };
		E10CDF2C1CD1EAF4006BBE47 /* HLProductCollectionViewController.m in Sources */ = {isa = PBXBuildFile; fileRef = E10CDF2B1CD1EAF4006BBE47 /* HLProductCollectionViewController.m */; };
		E10CDF311CD1FF53006BBE47 /* HLProductModel.m in Sources */ = {isa = PBXBuildFile; fileRef = E10CDF301CD1FF53006BBE47 /* HLProductModel.m */; };
		E10CDF371CD1FFBF006BBE47 /* cywt.json in Resources */ = {isa = PBXBuildFile; fileRef = E10CDF341CD1FFBF006BBE47 /* cywt.json */; };
		E10CDF381CD1FFBF006BBE47 /* help.json in Resources */ = {isa = PBXBuildFile; fileRef = E10CDF351CD1FFBF006BBE47 /* help.json */; };
		E10CDF3D1CD20440006BBE47 /* HLProductCellCollectionViewCell.m in Sources */ = {isa = PBXBuildFile; fileRef = E10CDF3B1CD20440006BBE47 /* HLProductCellCollectionViewCell.m */; };
		E10CDF3E1CD20440006BBE47 /* HLProductCellCollectionViewCell.xib in Resources */ = {isa = PBXBuildFile; fileRef = E10CDF3C1CD20440006BBE47 /* HLProductCellCollectionViewCell.xib */; };
		E145A5521CCCAC6D00724886 /* main.m in Sources */ = {isa = PBXBuildFile; fileRef = E145A5511CCCAC6D00724886 /* main.m */; };
		E145A5551CCCAC6D00724886 /* AppDelegate.m in Sources */ = {isa = PBXBuildFile; fileRef = E145A5541CCCAC6D00724886 /* AppDelegate.m */; };
		E145A55B1CCCAC6D00724886 /* Main.storyboard in Resources */ = {isa = PBXBuildFile; fileRef = E145A5591CCCAC6D00724886 /* Main.storyboard */; };
		E145A55D1CCCAC6D00724886 /* Assets.xcassets in Resources */ = {isa = PBXBuildFile; fileRef = E145A55C1CCCAC6D00724886 /* Assets.xcassets */; };
		E145A5601CCCAC6D00724886 /* LaunchScreen.storyboard in Resources */ = {isa = PBXBuildFile; fileRef = E145A55E1CCCAC6D00724886 /* LaunchScreen.storyboard */; };
		E145A56B1CCCAC6E00724886 /* HisunLotteryTests.m in Sources */ = {isa = PBXBuildFile; fileRef = E145A56A1CCCAC6E00724886 /* HisunLotteryTests.m */; };
		E145A5761CCCAC6E00724886 /* HisunLotteryUITests.m in Sources */ = {isa = PBXBuildFile; fileRef = E145A5751CCCAC6E00724886 /* HisunLotteryUITests.m */; };
		E1BE1EB81CD05FDA00B4854D /* HLSettingItemModel.m in Sources */ = {isa = PBXBuildFile; fileRef = E1BE1EB71CD05FDA00B4854D /* HLSettingItemModel.m */; };
		E1BE1EBB1CD060AE00B4854D /* HLSettingItemGroupModel.m in Sources */ = {isa = PBXBuildFile; fileRef = E1BE1EBA1CD060AE00B4854D /* HLSettingItemGroupModel.m */; };
		E1DEDF7E1CCF084D00C11055 /* HLLoginViewController.m in Sources */ = {isa = PBXBuildFile; fileRef = E1DEDF7D1CCF084D00C11055 /* HLLoginViewController.m */; };
		E1DEDF831CCF13A200C11055 /* UIImage+ResizableImage.m in Sources */ = {isa = PBXBuildFile; fileRef = E1DEDF821CCF13A200C11055 /* UIImage+ResizableImage.m */; };
		E1DEDF871CCF5F0C00C11055 /* HLSettingTableViewController.m in Sources */ = {isa = PBXBuildFile; fileRef = E1DEDF861CCF5F0C00C11055 /* HLSettingTableViewController.m */; };
		E1F8E6E01CD2F0A100EA1CD9 /* products.json in Resources */ = {isa = PBXBuildFile; fileRef = E1F8E6DF1CD2F0A100EA1CD9 /* products.json */; };
		E1F8E6E41CD2F75300EA1CD9 /* HLPushTableViewController.m in Sources */ = {isa = PBXBuildFile; fileRef = E1F8E6E31CD2F75300EA1CD9 /* HLPushTableViewController.m */; };
		E1F8E6E91CD3030500EA1CD9 /* HLBasicTableViewController.m in Sources */ = {isa = PBXBuildFile; fileRef = E1F8E6E81CD3030500EA1CD9 /* HLBasicTableViewController.m */; };
		E1F8E6EF1CD30CD600EA1CD9 /* HLSettingLabeltemModel.m in Sources */ = {isa = PBXBuildFile; fileRef = E1F8E6EE1CD30CD600EA1CD9 /* HLSettingLabeltemModel.m */; };
		E1F8E6F21CD30D3200EA1CD9 /* HLScoreViewController.m in Sources */ = {isa = PBXBuildFile; fileRef = E1F8E6F11CD30D3200EA1CD9 /* HLScoreViewController.m */; };
/* End PBXBuildFile section */

/* Begin PBXContainerItemProxy section */
		E145A5671CCCAC6E00724886 /* PBXContainerItemProxy */ = {
			isa = PBXContainerItemProxy;
			containerPortal = E145A5451CCCAC6D00724886 /* Project object */;
			proxyType = 1;
			remoteGlobalIDString = E145A54C1CCCAC6D00724886;
			remoteInfo = HisunLottery;
		};
		E145A5721CCCAC6E00724886 /* PBXContainerItemProxy */ = {
			isa = PBXContainerItemProxy;
			containerPortal = E145A5451CCCAC6D00724886 /* Project object */;
			proxyType = 1;
			remoteGlobalIDString = E145A54C1CCCAC6D00724886;
			remoteInfo = HisunLottery;
		};
/* End PBXContainerItemProxy section */

/* Begin PBXFileReference section */
		E101C3871CCDAB6200727AC2 /* HLTabBarViewController.h */ = {isa = PBXFileReference; fileEncoding = 4; lastKnownFileType = sourcecode.c.h; path = HLTabBarViewController.h; sourceTree = "<group>"; };
		E101C3881CCDAB6200727AC2 /* HLTabBarViewController.m */ = {isa = PBXFileReference; fileEncoding = 4; lastKnownFileType = sourcecode.c.objc; path = HLTabBarViewController.m; sourceTree = "<group>"; };
		E101C38B1CCDAB8C00727AC2 /* HLTabBar.h */ = {isa = PBXFileReference; fileEncoding = 4; lastKnownFileType = sourcecode.c.h; path = HLTabBar.h; sourceTree = "<group>"; };
		E101C38C1CCDAB8C00727AC2 /* HLTabBar.m */ = {isa = PBXFileReference; fileEncoding = 4; lastKnownFileType = sourcecode.c.objc; path = HLTabBar.m; sourceTree = "<group>"; };
		E101C3901CCDD56500727AC2 /* HLTabBarModel.h */ = {isa = PBXFileReference; fileEncoding = 4; lastKnownFileType = sourcecode.c.h; path = HLTabBarModel.h; sourceTree = "<group>"; };
		E101C3911CCDD56500727AC2 /* HLTabBarModel.m */ = {isa = PBXFileReference; fileEncoding = 4; lastKnownFileType = sourcecode.c.objc; path = HLTabBarModel.m; sourceTree = "<group>"; };
		E101C3931CCDEBA900727AC2 /* HLButton.h */ = {isa = PBXFileReference; fileEncoding = 4; lastKnownFileType = sourcecode.c.h; path = HLButton.h; sourceTree = "<group>"; };
		E101C3941CCDEBA900727AC2 /* HLButton.m */ = {isa = PBXFileReference; fileEncoding = 4; lastKnownFileType = sourcecode.c.objc; path = HLButton.m; sourceTree = "<group>"; };
		E101C3981CCDEF1000727AC2 /* HLHallViewController.h */ = {isa = PBXFileReference; fileEncoding = 4; lastKnownFileType = sourcecode.c.h; path = HLHallViewController.h; sourceTree = "<group>"; };
		E101C3991CCDEF1000727AC2 /* HLHallViewController.m */ = {isa = PBXFileReference; fileEncoding = 4; lastKnownFileType = sourcecode.c.objc; path = HLHallViewController.m; sourceTree = "<group>"; };
		E101C39B1CCDF7E700727AC2 /* HLNavigationController.h */ = {isa = PBXFileReference; fileEncoding = 4; lastKnownFileType = sourcecode.c.h; path = HLNavigationController.h; sourceTree = "<group>"; };
		E101C39C1CCDF7E700727AC2 /* HLNavigationController.m */ = {isa = PBXFileReference; fileEncoding = 4; lastKnownFileType = sourcecode.c.objc; path = HLNavigationController.m; sourceTree = "<group>"; };
		E101C39E1CCE04B200727AC2 /* HisunLottery-Prefix.pch */ = {isa = PBXFileReference; lastKnownFileType = sourcecode.c.h; path = "HisunLottery-Prefix.pch"; sourceTree = "<group>"; };
		E101C39F1CCE19C900727AC2 /* HLTitleButton.h */ = {isa = PBXFileReference; fileEncoding = 4; lastKnownFileType = sourcecode.c.h; path = HLTitleButton.h; sourceTree = "<group>"; };
		E101C3A01CCE19C900727AC2 /* HLTitleButton.m */ = {isa = PBXFileReference; fileEncoding = 4; lastKnownFileType = sourcecode.c.objc; path = HLTitleButton.m; sourceTree = "<group>"; };
		E10CDF111CD19D16006BBE47 /* HLSettingCell.h */ = {isa = PBXFileReference; fileEncoding = 4; lastKnownFileType = sourcecode.c.h; path = HLSettingCell.h; sourceTree = "<group>"; };
		E10CDF121CD19D16006BBE47 /* HLSettingCell.m */ = {isa = PBXFileReference; fileEncoding = 4; lastKnownFileType = sourcecode.c.objc; path = HLSettingCell.m; sourceTree = "<group>"; };
		E10CDF151CD1A154006BBE47 /* HLSettingArrowItemModel.h */ = {isa = PBXFileReference; fileEncoding = 4; lastKnownFileType = sourcecode.c.h; path = HLSettingArrowItemModel.h; sourceTree = "<group>"; };
		E10CDF161CD1A154006BBE47 /* HLSettingArrowItemModel.m */ = {isa = PBXFileReference; fileEncoding = 4; lastKnownFileType = sourcecode.c.objc; path = HLSettingArrowItemModel.m; sourceTree = "<group>"; };
		E10CDF181CD1A1A9006BBE47 /* HLSettingSwitchItemModel.h */ = {isa = PBXFileReference; fileEncoding = 4; lastKnownFileType = sourcecode.c.h; path = HLSettingSwitchItemModel.h; sourceTree = "<group>"; };
		E10CDF191CD1A1A9006BBE47 /* HLSettingSwitchItemModel.m */ = {isa = PBXFileReference; fileEncoding = 4; lastKnownFileType = sourcecode.c.objc; path = HLSettingSwitchItemModel.m; sourceTree = "<group>"; };
		E10CDF1B1CD1DDDC006BBE47 /* HLTestViewController.h */ = {isa = PBXFileReference; fileEncoding = 4; lastKnownFileType = sourcecode.c.h; path = HLTestViewController.h; sourceTree = "<group>"; };
		E10CDF1C1CD1DDDC006BBE47 /* HLTestViewController.m */ = {isa = PBXFileReference; fileEncoding = 4; lastKnownFileType = sourcecode.c.objc; path = HLTestViewController.m; sourceTree = "<group>"; };
		E10CDF1E1CD1DDEC006BBE47 /* HLTestViewController.xib */ = {isa = PBXFileReference; fileEncoding = 4; lastKnownFileType = file.xib; path = HLTestViewController.xib; sourceTree = "<group>"; };
		E10CDF221CD1E1C2006BBE47 /* MBProgressHUD+MJ.h */ = {isa = PBXFileReference; fileEncoding = 4; lastKnownFileType = sourcecode.c.h; path = "MBProgressHUD+MJ.h"; sourceTree = "<group>"; };
		E10CDF231CD1E1C2006BBE47 /* MBProgressHUD+MJ.m */ = {isa = PBXFileReference; fileEncoding = 4; lastKnownFileType = sourcecode.c.objc; path = "MBProgressHUD+MJ.m"; sourceTree = "<group>"; };
		E10CDF241CD1E1C2006BBE47 /* MBProgressHUD.bundle */ = {isa = PBXFileReference; lastKnownFileType = "wrapper.plug-in"; path = MBProgressHUD.bundle; sourceTree = "<group>"; };
		E10CDF251CD1E1C2006BBE47 /* MBProgressHUD.h */ = {isa = PBXFileReference; fileEncoding = 4; lastKnownFileType = sourcecode.c.h; path = MBProgressHUD.h; sourceTree = "<group>"; };
		E10CDF261CD1E1C2006BBE47 /* MBProgressHUD.m */ = {isa = PBXFileReference; fileEncoding = 4; lastKnownFileType = sourcecode.c.objc; path = MBProgressHUD.m; sourceTree = "<group>"; };
		E10CDF2A1CD1EAF4006BBE47 /* HLProductCollectionViewController.h */ = {isa = PBXFileReference; fileEncoding = 4; lastKnownFileType = sourcecode.c.h; path = HLProductCollectionViewController.h; sourceTree = "<group>"; };
		E10CDF2B1CD1EAF4006BBE47 /* HLProductCollectionViewController.m */ = {isa = PBXFileReference; fileEncoding = 4; lastKnownFileType = sourcecode.c.objc; path = HLProductCollectionViewController.m; sourceTree = "<group>"; };
		E10CDF2F1CD1FF53006BBE47 /* HLProductModel.h */ = {isa = PBXFileReference; fileEncoding = 4; lastKnownFileType = sourcecode.c.h; path = HLProductModel.h; sourceTree = "<group>"; };
		E10CDF301CD1FF53006BBE47 /* HLProductModel.m */ = {isa = PBXFileReference; fileEncoding = 4; lastKnownFileType = sourcecode.c.objc; path = HLProductModel.m; sourceTree = "<group>"; };
		E10CDF341CD1FFBF006BBE47 /* cywt.json */ = {isa = PBXFileReference; fileEncoding = 4; lastKnownFileType = text.json; path = cywt.json; sourceTree = "<group>"; };
		E10CDF351CD1FFBF006BBE47 /* help.json */ = {isa = PBXFileReference; fileEncoding = 4; lastKnownFileType = text.json; path = help.json; sourceTree = "<group>"; };
		E10CDF3A1CD20440006BBE47 /* HLProductCellCollectionViewCell.h */ = {isa = PBXFileReference; fileEncoding = 4; lastKnownFileType = sourcecode.c.h; path = HLProductCellCollectionViewCell.h; sourceTree = "<group>"; };
		E10CDF3B1CD20440006BBE47 /* HLProductCellCollectionViewCell.m */ = {isa = PBXFileReference; fileEncoding = 4; lastKnownFileType = sourcecode.c.objc; path = HLProductCellCollectionViewCell.m; sourceTree = "<group>"; };
		E10CDF3C1CD20440006BBE47 /* HLProductCellCollectionViewCell.xib */ = {isa = PBXFileReference; fileEncoding = 4; lastKnownFileType = file.xib; path = HLProductCellCollectionViewCell.xib; sourceTree = "<group>"; };
		E145A54D1CCCAC6D00724886 /* HisunLottery.app */ = {isa = PBXFileReference; explicitFileType = wrapper.application; includeInIndex = 0; path = HisunLottery.app; sourceTree = BUILT_PRODUCTS_DIR; };
		E145A5511CCCAC6D00724886 /* main.m */ = {isa = PBXFileReference; lastKnownFileType = sourcecode.c.objc; path = main.m; sourceTree = "<group>"; };
		E145A5531CCCAC6D00724886 /* AppDelegate.h */ = {isa = PBXFileReference; lastKnownFileType = sourcecode.c.h; path = AppDelegate.h; sourceTree = "<group>"; };
		E145A5541CCCAC6D00724886 /* AppDelegate.m */ = {isa = PBXFileReference; lastKnownFileType = sourcecode.c.objc; path = AppDelegate.m; sourceTree = "<group>"; };
		E145A55A1CCCAC6D00724886 /* Base */ = {isa = PBXFileReference; lastKnownFileType = file.storyboard; name = Base; path = Base.lproj/Main.storyboard; sourceTree = "<group>"; };
		E145A55C1CCCAC6D00724886 /* Assets.xcassets */ = {isa = PBXFileReference; lastKnownFileType = folder.assetcatalog; path = Assets.xcassets; sourceTree = "<group>"; };
		E145A55F1CCCAC6D00724886 /* Base */ = {isa = PBXFileReference; lastKnownFileType = file.storyboard; name = Base; path = Base.lproj/LaunchScreen.storyboard; sourceTree = "<group>"; };
		E145A5611CCCAC6D00724886 /* Info.plist */ = {isa = PBXFileReference; lastKnownFileType = text.plist.xml; path = Info.plist; sourceTree = "<group>"; };
		E145A5661CCCAC6E00724886 /* HisunLotteryTests.xctest */ = {isa = PBXFileReference; explicitFileType = wrapper.cfbundle; includeInIndex = 0; path = HisunLotteryTests.xctest; sourceTree = BUILT_PRODUCTS_DIR; };
		E145A56A1CCCAC6E00724886 /* HisunLotteryTests.m */ = {isa = PBXFileReference; lastKnownFileType = sourcecode.c.objc; path = HisunLotteryTests.m; sourceTree = "<group>"; };
		E145A56C1CCCAC6E00724886 /* Info.plist */ = {isa = PBXFileReference; lastKnownFileType = text.plist.xml; path = Info.plist; sourceTree = "<group>"; };
		E145A5711CCCAC6E00724886 /* HisunLotteryUITests.xctest */ = {isa = PBXFileReference; explicitFileType = wrapper.cfbundle; includeInIndex = 0; path = HisunLotteryUITests.xctest; sourceTree = BUILT_PRODUCTS_DIR; };
		E145A5751CCCAC6E00724886 /* HisunLotteryUITests.m */ = {isa = PBXFileReference; lastKnownFileType = sourcecode.c.objc; path = HisunLotteryUITests.m; sourceTree = "<group>"; };
		E145A5771CCCAC6E00724886 /* Info.plist */ = {isa = PBXFileReference; lastKnownFileType = text.plist.xml; path = Info.plist; sourceTree = "<group>"; };
		E1BE1EB61CD05FDA00B4854D /* HLSettingItemModel.h */ = {isa = PBXFileReference; fileEncoding = 4; lastKnownFileType = sourcecode.c.h; path = HLSettingItemModel.h; sourceTree = "<group>"; };
		E1BE1EB71CD05FDA00B4854D /* HLSettingItemModel.m */ = {isa = PBXFileReference; fileEncoding = 4; lastKnownFileType = sourcecode.c.objc; path = HLSettingItemModel.m; sourceTree = "<group>"; };
		E1BE1EB91CD060AE00B4854D /* HLSettingItemGroupModel.h */ = {isa = PBXFileReference; fileEncoding = 4; lastKnownFileType = sourcecode.c.h; path = HLSettingItemGroupModel.h; sourceTree = "<group>"; };
		E1BE1EBA1CD060AE00B4854D /* HLSettingItemGroupModel.m */ = {isa = PBXFileReference; fileEncoding = 4; lastKnownFileType = sourcecode.c.objc; path = HLSettingItemGroupModel.m; sourceTree = "<group>"; };
		E1DEDF7C1CCF084D00C11055 /* HLLoginViewController.h */ = {isa = PBXFileReference; fileEncoding = 4; lastKnownFileType = sourcecode.c.h; path = HLLoginViewController.h; sourceTree = "<group>"; };
		E1DEDF7D1CCF084D00C11055 /* HLLoginViewController.m */ = {isa = PBXFileReference; fileEncoding = 4; lastKnownFileType = sourcecode.c.objc; path = HLLoginViewController.m; sourceTree = "<group>"; };
		E1DEDF811CCF13A200C11055 /* UIImage+ResizableImage.h */ = {isa = PBXFileReference; fileEncoding = 4; lastKnownFileType = sourcecode.c.h; path = "UIImage+ResizableImage.h"; sourceTree = "<group>"; };
		E1DEDF821CCF13A200C11055 /* UIImage+ResizableImage.m */ = {isa = PBXFileReference; fileEncoding = 4; lastKnownFileType = sourcecode.c.objc; path = "UIImage+ResizableImage.m"; sourceTree = "<group>"; };
		E1DEDF851CCF5F0C00C11055 /* HLSettingTableViewController.h */ = {isa = PBXFileReference; fileEncoding = 4; lastKnownFileType = sourcecode.c.h; path = HLSettingTableViewController.h; sourceTree = "<group>"; };
		E1DEDF861CCF5F0C00C11055 /* HLSettingTableViewController.m */ = {isa = PBXFileReference; fileEncoding = 4; lastKnownFileType = sourcecode.c.objc; path = HLSettingTableViewController.m; sourceTree = "<group>"; };
		E1F8E6DF1CD2F0A100EA1CD9 /* products.json */ = {isa = PBXFileReference; fileEncoding = 4; lastKnownFileType = text.json; path = products.json; sourceTree = "<group>"; };
		E1F8E6E21CD2F75300EA1CD9 /* HLPushTableViewController.h */ = {isa = PBXFileReference; fileEncoding = 4; lastKnownFileType = sourcecode.c.h; path = HLPushTableViewController.h; sourceTree = "<group>"; };
		E1F8E6E31CD2F75300EA1CD9 /* HLPushTableViewController.m */ = {isa = PBXFileReference; fileEncoding = 4; lastKnownFileType = sourcecode.c.objc; path = HLPushTableViewController.m; sourceTree = "<group>"; };
		E1F8E6E71CD3030500EA1CD9 /* HLBasicTableViewController.h */ = {isa = PBXFileReference; fileEncoding = 4; lastKnownFileType = sourcecode.c.h; path = HLBasicTableViewController.h; sourceTree = "<group>"; };
		E1F8E6E81CD3030500EA1CD9 /* HLBasicTableViewController.m */ = {isa = PBXFileReference; fileEncoding = 4; lastKnownFileType = sourcecode.c.objc; path = HLBasicTableViewController.m; sourceTree = "<group>"; };
		E1F8E6ED1CD30CD600EA1CD9 /* HLSettingLabeltemModel.h */ = {isa = PBXFileReference; fileEncoding = 4; lastKnownFileType = sourcecode.c.h; path = HLSettingLabeltemModel.h; sourceTree = "<group>"; };
		E1F8E6EE1CD30CD600EA1CD9 /* HLSettingLabeltemModel.m */ = {isa = PBXFileReference; fileEncoding = 4; lastKnownFileType = sourcecode.c.objc; path = HLSettingLabeltemModel.m; sourceTree = "<group>"; };
		E1F8E6F01CD30D3200EA1CD9 /* HLScoreViewController.h */ = {isa = PBXFileReference; fileEncoding = 4; lastKnownFileType = sourcecode.c.h; path = HLScoreViewController.h; sourceTree = "<group>"; };
		E1F8E6F11CD30D3200EA1CD9 /* HLScoreViewController.m */ = {isa = PBXFileReference; fileEncoding = 4; lastKnownFileType = sourcecode.c.objc; path = HLScoreViewController.m; sourceTree = "<group>"; };
/* End PBXFileReference section */

/* Begin PBXFrameworksBuildPhase section */
		E145A54A1CCCAC6D00724886 /* Frameworks */ = {
			isa = PBXFrameworksBuildPhase;
			buildActionMask = 2147483647;
			files = (
			);
			runOnlyForDeploymentPostprocessing = 0;
		};
		E145A5631CCCAC6E00724886 /* Frameworks */ = {
			isa = PBXFrameworksBuildPhase;
			buildActionMask = 2147483647;
			files = (
			);
			runOnlyForDeploymentPostprocessing = 0;
		};
		E145A56E1CCCAC6E00724886 /* Frameworks */ = {
			isa = PBXFrameworksBuildPhase;
			buildActionMask = 2147483647;
			files = (
			);
			runOnlyForDeploymentPostprocessing = 0;
		};
/* End PBXFrameworksBuildPhase section */

/* Begin PBXGroup section */
		E101C38A1CCDAB6900727AC2 /* Controller  */ = {
			isa = PBXGroup;
			children = (
				E101C3871CCDAB6200727AC2 /* HLTabBarViewController.h */,
				E101C3881CCDAB6200727AC2 /* HLTabBarViewController.m */,
				E101C39B1CCDF7E700727AC2 /* HLNavigationController.h */,
				E101C39C1CCDF7E700727AC2 /* HLNavigationController.m */,
			);
			name = "Controller ";
			sourceTree = "<group>";
		};
		E101C38E1CCDAB9000727AC2 /* View */ = {
			isa = PBXGroup;
			children = (
				E101C38B1CCDAB8C00727AC2 /* HLTabBar.h */,
				E101C3931CCDEBA900727AC2 /* HLButton.h */,
				E101C3941CCDEBA900727AC2 /* HLButton.m */,
				E101C38C1CCDAB8C00727AC2 /* HLTabBar.m */,
			);
			name = View;
			sourceTree = "<group>";
		};
		E101C38F1CCDD55800727AC2 /* Model */ = {
			isa = PBXGroup;
			children = (
				E101C3901CCDD56500727AC2 /* HLTabBarModel.h */,
				E101C3911CCDD56500727AC2 /* HLTabBarModel.m */,
			);
			name = Model;
			sourceTree = "<group>";
		};
		E101C3961CCDED4400727AC2 /* Luck(幸运广场) */ = {
			isa = PBXGroup;
			children = (
			);
			name = "Luck(幸运广场)";
			sourceTree = "<group>";
		};
		E101C3971CCDED7800727AC2 /* Mine(我的彩票) */ = {
			isa = PBXGroup;
			children = (
				E1DEDF7F1CCF0A6600C11055 /* Controller */,
			);
			name = "Mine(我的彩票)";
			sourceTree = "<group>";
		};
		E101C3A21CCE19D100727AC2 /* View */ = {
			isa = PBXGroup;
			children = (
				E101C39F1CCE19C900727AC2 /* HLTitleButton.h */,
				E101C3A01CCE19C900727AC2 /* HLTitleButton.m */,
			);
			name = View;
			sourceTree = "<group>";
		};
		E10CDF141CD19D1C006BBE47 /* View  */ = {
			isa = PBXGroup;
			children = (
				E10CDF111CD19D16006BBE47 /* HLSettingCell.h */,
				E10CDF3F1CD204FB006BBE47 /* ProductsView */,
				E10CDF121CD19D16006BBE47 /* HLSettingCell.m */,
			);
			name = "View ";
			sourceTree = "<group>";
		};
		E10CDF201CD1E1B7006BBE47 /* Lib */ = {
			isa = PBXGroup;
			children = (
				E10CDF211CD1E1C2006BBE47 /* MBProgressHUD */,
			);
			name = Lib;
			sourceTree = "<group>";
		};
		E10CDF211CD1E1C2006BBE47 /* MBProgressHUD */ = {
			isa = PBXGroup;
			children = (
				E10CDF221CD1E1C2006BBE47 /* MBProgressHUD+MJ.h */,
				E10CDF231CD1E1C2006BBE47 /* MBProgressHUD+MJ.m */,
				E10CDF241CD1E1C2006BBE47 /* MBProgressHUD.bundle */,
				E10CDF251CD1E1C2006BBE47 /* MBProgressHUD.h */,
				E10CDF261CD1E1C2006BBE47 /* MBProgressHUD.m */,
			);
			path = MBProgressHUD;
			sourceTree = "<group>";
		};
		E10CDF2D1CD1EAF9006BBE47 /* ProductVC */ = {
			isa = PBXGroup;
			children = (
				E10CDF2A1CD1EAF4006BBE47 /* HLProductCollectionViewController.h */,
				E10CDF2B1CD1EAF4006BBE47 /* HLProductCollectionViewController.m */,
				E1F8E6F31CD30D3B00EA1CD9 /* Score */,
			);
			name = ProductVC;
			sourceTree = "<group>";
		};
		E10CDF2E1CD1FF27006BBE47 /* SettingItemModel */ = {
			isa = PBXGroup;
			children = (
				E1F8E6EC1CD30A4E00EA1CD9 /* ItemModel */,
				E1F8E6EB1CD30A2500EA1CD9 /* GroupModel */,
			);
			name = SettingItemModel;
			sourceTree = "<group>";
		};
		E10CDF321CD1FF5A006BBE47 /* ProductModel */ = {
			isa = PBXGroup;
			children = (
				E10CDF2F1CD1FF53006BBE47 /* HLProductModel.h */,
				E10CDF301CD1FF53006BBE47 /* HLProductModel.m */,
			);
			name = ProductModel;
			sourceTree = "<group>";
		};
		E10CDF331CD1FFBF006BBE47 /* Data */ = {
			isa = PBXGroup;
			children = (
				E10CDF341CD1FFBF006BBE47 /* cywt.json */,
				E10CDF351CD1FFBF006BBE47 /* help.json */,
				E1F8E6DF1CD2F0A100EA1CD9 /* products.json */,
			);
			path = Data;
			sourceTree = "<group>";
		};
		E10CDF3F1CD204FB006BBE47 /* ProductsView */ = {
			isa = PBXGroup;
			children = (
				E10CDF3A1CD20440006BBE47 /* HLProductCellCollectionViewCell.h */,
				E10CDF3B1CD20440006BBE47 /* HLProductCellCollectionViewCell.m */,
				E10CDF3C1CD20440006BBE47 /* HLProductCellCollectionViewCell.xib */,
			);
			name = ProductsView;
			sourceTree = "<group>";
		};
		E145A5441CCCAC6D00724886 = {
			isa = PBXGroup;
			children = (
				E145A54F1CCCAC6D00724886 /* HisunLottery */,
				E145A5691CCCAC6E00724886 /* HisunLotteryTests */,
				E145A5741CCCAC6E00724886 /* HisunLotteryUITests */,
				E145A54E1CCCAC6D00724886 /* Products */,
			);
			sourceTree = "<group>";
		};
		E145A54E1CCCAC6D00724886 /* Products */ = {
			isa = PBXGroup;
			children = (
				E145A54D1CCCAC6D00724886 /* HisunLottery.app */,
				E145A5661CCCAC6E00724886 /* HisunLotteryTests.xctest */,
				E145A5711CCCAC6E00724886 /* HisunLotteryUITests.xctest */,
			);
			name = Products;
			sourceTree = "<group>";
		};
		E145A54F1CCCAC6D00724886 /* HisunLottery */ = {
			isa = PBXGroup;
			children = (
				E17DA6081CCCC3B7006DE486 /* Classes */,
				E145A5501CCCAC6D00724886 /* Supporting Files */,
			);
			path = HisunLottery;
			sourceTree = "<group>";
		};
		E145A5501CCCAC6D00724886 /* Supporting Files */ = {
			isa = PBXGroup;
			children = (
				E10CDF331CD1FFBF006BBE47 /* Data */,
				E145A5591CCCAC6D00724886 /* Main.storyboard */,
				E145A55C1CCCAC6D00724886 /* Assets.xcassets */,
				E145A55E1CCCAC6D00724886 /* LaunchScreen.storyboard */,
				E145A5611CCCAC6D00724886 /* Info.plist */,
			);
			name = "Supporting Files";
			sourceTree = "<group>";
		};
		E145A5691CCCAC6E00724886 /* HisunLotteryTests */ = {
			isa = PBXGroup;
			children = (
				E145A56A1CCCAC6E00724886 /* HisunLotteryTests.m */,
				E145A56C1CCCAC6E00724886 /* Info.plist */,
			);
			path = HisunLotteryTests;
			sourceTree = "<group>";
		};
		E145A5741CCCAC6E00724886 /* HisunLotteryUITests */ = {
			isa = PBXGroup;
			children = (
				E145A5751CCCAC6E00724886 /* HisunLotteryUITests.m */,
				E145A5771CCCAC6E00724886 /* Info.plist */,
			);
			path = HisunLotteryUITests;
			sourceTree = "<group>";
		};
		E145A5831CCCAC9800724886 /* Model */ = {
			isa = PBXGroup;
			children = (
			);
			name = Model;
			sourceTree = "<group>";
		};
		E145A5841CCCACA000724886 /* Controller  */ = {
			isa = PBXGroup;
			children = (
				E101C3981CCDEF1000727AC2 /* HLHallViewController.h */,
				E101C3991CCDEF1000727AC2 /* HLHallViewController.m */,
			);
			name = "Controller ";
			sourceTree = "<group>";
		};
		E145A5851CCCACAB00724886 /* Hall(购彩大厅) */ = {
			isa = PBXGroup;
			children = (
				E145A5861CCCACB200724886 /* View */,
				E145A5831CCCAC9800724886 /* Model */,
				E145A5841CCCACA000724886 /* Controller  */,
			);
			name = "Hall(购彩大厅)";
			sourceTree = "<group>";
		};
		E145A5861CCCACB200724886 /* View */ = {
			isa = PBXGroup;
			children = (
			);
			name = View;
			sourceTree = "<group>";
		};
		E17DA6081CCCC3B7006DE486 /* Classes */ = {
			isa = PBXGroup;
			children = (
				E1DEDF841CCF5E7B00C11055 /* Setting(设置) */,
				E101C3971CCDED7800727AC2 /* Mine(我的彩票) */,
				E101C3961CCDED4400727AC2 /* Luck(幸运广场) */,
				E17DA60C1CCCC4E4006DE486 /* Other(分类、第三方框架) */,
				E17DA60B1CCCC4BA006DE486 /* Award(开奖信息) */,
				E17DA60A1CCCC4AA006DE486 /* Buy(合买跟单) */,
				E17DA6091CCCC4A2006DE486 /* Main(主框架) */,
				E145A5851CCCACAB00724886 /* Hall(购彩大厅) */,
			);
			name = Classes;
			sourceTree = "<group>";
		};
		E17DA6091CCCC4A2006DE486 /* Main(主框架) */ = {
			isa = PBXGroup;
			children = (
				E101C38F1CCDD55800727AC2 /* Model */,
				E101C38A1CCDAB6900727AC2 /* Controller  */,
				E101C38E1CCDAB9000727AC2 /* View */,
			);
			name = "Main(主框架)";
			sourceTree = "<group>";
		};
		E17DA60A1CCCC4AA006DE486 /* Buy(合买跟单) */ = {
			isa = PBXGroup;
			children = (
				E101C3A21CCE19D100727AC2 /* View */,
			);
			name = "Buy(合买跟单)";
			sourceTree = "<group>";
		};
		E17DA60B1CCCC4BA006DE486 /* Award(开奖信息) */ = {
			isa = PBXGroup;
			children = (
			);
			name = "Award(开奖信息)";
			sourceTree = "<group>";
		};
		E17DA60C1CCCC4E4006DE486 /* Other(分类、第三方框架) */ = {
			isa = PBXGroup;
			children = (
				E10CDF201CD1E1B7006BBE47 /* Lib */,
				E1DEDF801CCF135600C11055 /* Tool */,
				E145A5511CCCAC6D00724886 /* main.m */,
				E145A5531CCCAC6D00724886 /* AppDelegate.h */,
				E101C39E1CCE04B200727AC2 /* HisunLottery-Prefix.pch */,
				E145A5541CCCAC6D00724886 /* AppDelegate.m */,
			);
			name = "Other(分类、第三方框架)";
			sourceTree = "<group>";
		};
		E1BE1EB41CD05FA800B4854D /* Controller */ = {
			isa = PBXGroup;
			children = (
				E1F8E6E61CD302D500EA1CD9 /* SettingVC */,
				E1F8E6E11CD2F6D800EA1CD9 /* TestVC */,
				E1F8E6EA1CD3084600EA1CD9 /* BasicTableViewController */,
			);
			name = Controller;
			sourceTree = "<group>";
		};
		E1BE1EB51CD05FAF00B4854D /* Model */ = {
			isa = PBXGroup;
			children = (
				E10CDF2E1CD1FF27006BBE47 /* SettingItemModel */,
				E10CDF321CD1FF5A006BBE47 /* ProductModel */,
			);
			name = Model;
			sourceTree = "<group>";
		};
		E1DEDF7F1CCF0A6600C11055 /* Controller */ = {
			isa = PBXGroup;
			children = (
				E1DEDF7D1CCF084D00C11055 /* HLLoginViewController.m */,
				E1DEDF7C1CCF084D00C11055 /* HLLoginViewController.h */,
			);
			name = Controller;
			sourceTree = "<group>";
		};
		E1DEDF801CCF135600C11055 /* Tool */ = {
			isa = PBXGroup;
			children = (
				E1DEDF811CCF13A200C11055 /* UIImage+ResizableImage.h */,
				E1DEDF821CCF13A200C11055 /* UIImage+ResizableImage.m */,
			);
			name = Tool;
			sourceTree = "<group>";
		};
		E1DEDF841CCF5E7B00C11055 /* Setting(设置) */ = {
			isa = PBXGroup;
			children = (
				E1BE1EB51CD05FAF00B4854D /* Model */,
				E1BE1EB41CD05FA800B4854D /* Controller */,
				E10CDF141CD19D1C006BBE47 /* View  */,
			);
			name = "Setting(设置)";
			sourceTree = "<group>";
		};
		E1F8E6E11CD2F6D800EA1CD9 /* TestVC */ = {
			isa = PBXGroup;
			children = (
				E10CDF1B1CD1DDDC006BBE47 /* HLTestViewController.h */,
				E10CDF1C1CD1DDDC006BBE47 /* HLTestViewController.m */,
				E10CDF1E1CD1DDEC006BBE47 /* HLTestViewController.xib */,
			);
			name = TestVC;
			sourceTree = "<group>";
		};
		E1F8E6E51CD2F75D00EA1CD9 /* PushVC */ = {
			isa = PBXGroup;
			children = (
				E1F8E6E21CD2F75300EA1CD9 /* HLPushTableViewController.h */,
				E1F8E6E31CD2F75300EA1CD9 /* HLPushTableViewController.m */,
			);
			name = PushVC;
			sourceTree = "<group>";
		};
		E1F8E6E61CD302D500EA1CD9 /* SettingVC */ = {
			isa = PBXGroup;
			children = (
				E10CDF2D1CD1EAF9006BBE47 /* ProductVC */,
				E1F8E6E51CD2F75D00EA1CD9 /* PushVC */,
				E1DEDF851CCF5F0C00C11055 /* HLSettingTableViewController.h */,
				E1DEDF861CCF5F0C00C11055 /* HLSettingTableViewController.m */,
			);
			name = SettingVC;
			sourceTree = "<group>";
		};
		E1F8E6EA1CD3084600EA1CD9 /* BasicTableViewController */ = {
			isa = PBXGroup;
			children = (
				E1F8E6E71CD3030500EA1CD9 /* HLBasicTableViewController.h */,
				E1F8E6E81CD3030500EA1CD9 /* HLBasicTableViewController.m */,
			);
			name = BasicTableViewController;
			sourceTree = "<group>";
		};
		E1F8E6EB1CD30A2500EA1CD9 /* GroupModel */ = {
			isa = PBXGroup;
			children = (
				E1BE1EB91CD060AE00B4854D /* HLSettingItemGroupModel.h */,
				E1BE1EBA1CD060AE00B4854D /* HLSettingItemGroupModel.m */,
			);
			name = GroupModel;
			sourceTree = "<group>";
		};
		E1F8E6EC1CD30A4E00EA1CD9 /* ItemModel */ = {
			isa = PBXGroup;
			children = (
				E1BE1EB61CD05FDA00B4854D /* HLSettingItemModel.h */,
				E1BE1EB71CD05FDA00B4854D /* HLSettingItemModel.m */,
				E10CDF181CD1A1A9006BBE47 /* HLSettingSwitchItemModel.h */,
				E10CDF191CD1A1A9006BBE47 /* HLSettingSwitchItemModel.m */,
				E10CDF151CD1A154006BBE47 /* HLSettingArrowItemModel.h */,
				E10CDF161CD1A154006BBE47 /* HLSettingArrowItemModel.m */,
				E1F8E6ED1CD30CD600EA1CD9 /* HLSettingLabeltemModel.h */,
				E1F8E6EE1CD30CD600EA1CD9 /* HLSettingLabeltemModel.m */,
			);
			name = ItemModel;
			sourceTree = "<group>";
		};
		E1F8E6F31CD30D3B00EA1CD9 /* Score */ = {
			isa = PBXGroup;
			children = (
				E1F8E6F01CD30D3200EA1CD9 /* HLScoreViewController.h */,
				E1F8E6F11CD30D3200EA1CD9 /* HLScoreViewController.m */,
			);
			name = Score;
			sourceTree = "<group>";
		};
/* End PBXGroup section */

/* Begin PBXNativeTarget section */
		E145A54C1CCCAC6D00724886 /* HisunLottery */ = {
			isa = PBXNativeTarget;
			buildConfigurationList = E145A57A1CCCAC6E00724886 /* Build configuration list for PBXNativeTarget "HisunLottery" */;
			buildPhases = (
				E145A5491CCCAC6D00724886 /* Sources */,
				E145A54A1CCCAC6D00724886 /* Frameworks */,
				E145A54B1CCCAC6D00724886 /* Resources */,
			);
			buildRules = (
			);
			dependencies = (
			);
			name = HisunLottery;
			productName = HisunLottery;
			productReference = E145A54D1CCCAC6D00724886 /* HisunLottery.app */;
			productType = "com.apple.product-type.application";
		};
		E145A5651CCCAC6E00724886 /* HisunLotteryTests */ = {
			isa = PBXNativeTarget;
			buildConfigurationList = E145A57D1CCCAC6E00724886 /* Build configuration list for PBXNativeTarget "HisunLotteryTests" */;
			buildPhases = (
				E145A5621CCCAC6E00724886 /* Sources */,
				E145A5631CCCAC6E00724886 /* Frameworks */,
				E145A5641CCCAC6E00724886 /* Resources */,
			);
			buildRules = (
			);
			dependencies = (
				E145A5681CCCAC6E00724886 /* PBXTargetDependency */,
			);
			name = HisunLotteryTests;
			productName = HisunLotteryTests;
			productReference = E145A5661CCCAC6E00724886 /* HisunLotteryTests.xctest */;
			productType = "com.apple.product-type.bundle.unit-test";
		};
		E145A5701CCCAC6E00724886 /* HisunLotteryUITests */ = {
			isa = PBXNativeTarget;
			buildConfigurationList = E145A5801CCCAC6E00724886 /* Build configuration list for PBXNativeTarget "HisunLotteryUITests" */;
			buildPhases = (
				E145A56D1CCCAC6E00724886 /* Sources */,
				E145A56E1CCCAC6E00724886 /* Frameworks */,
				E145A56F1CCCAC6E00724886 /* Resources */,
			);
			buildRules = (
			);
			dependencies = (
				E145A5731CCCAC6E00724886 /* PBXTargetDependency */,
			);
			name = HisunLotteryUITests;
			productName = HisunLotteryUITests;
			productReference = E145A5711CCCAC6E00724886 /* HisunLotteryUITests.xctest */;
			productType = "com.apple.product-type.bundle.ui-testing";
		};
/* End PBXNativeTarget section */

/* Begin PBXProject section */
		E145A5451CCCAC6D00724886 /* Project object */ = {
			isa = PBXProject;
			attributes = {
				LastUpgradeCheck = 0720;
				ORGANIZATIONNAME = hisun;
				TargetAttributes = {
					E145A54C1CCCAC6D00724886 = {
						CreatedOnToolsVersion = 7.2.1;
						DevelopmentTeam = MBYQ3L6XSK;
					};
					E145A5651CCCAC6E00724886 = {
						CreatedOnToolsVersion = 7.2.1;
						TestTargetID = E145A54C1CCCAC6D00724886;
					};
					E145A5701CCCAC6E00724886 = {
						CreatedOnToolsVersion = 7.2.1;
						TestTargetID = E145A54C1CCCAC6D00724886;
					};
				};
			};
			buildConfigurationList = E145A5481CCCAC6D00724886 /* Build configuration list for PBXProject "HisunLottery" */;
			compatibilityVersion = "Xcode 3.2";
			developmentRegion = English;
			hasScannedForEncodings = 0;
			knownRegions = (
				en,
				Base,
			);
			mainGroup = E145A5441CCCAC6D00724886;
			productRefGroup = E145A54E1CCCAC6D00724886 /* Products */;
			projectDirPath = "";
			projectRoot = "";
			targets = (
				E145A54C1CCCAC6D00724886 /* HisunLottery */,
				E145A5651CCCAC6E00724886 /* HisunLotteryTests */,
				E145A5701CCCAC6E00724886 /* HisunLotteryUITests */,
			);
		};
/* End PBXProject section */

/* Begin PBXResourcesBuildPhase section */
		E145A54B1CCCAC6D00724886 /* Resources */ = {
			isa = PBXResourcesBuildPhase;
			buildActionMask = 2147483647;
			files = (
				E10CDF371CD1FFBF006BBE47 /* cywt.json in Resources */,
				E10CDF1F1CD1DDEC006BBE47 /* HLTestViewController.xib in Resources */,
				E145A5601CCCAC6D00724886 /* LaunchScreen.storyboard in Resources */,
				E1F8E6E01CD2F0A100EA1CD9 /* products.json in Resources */,
				E10CDF281CD1E1C2006BBE47 /* MBProgressHUD.bundle in Resources */,
				E145A55D1CCCAC6D00724886 /* Assets.xcassets in Resources */,
				E145A55B1CCCAC6D00724886 /* Main.storyboard in Resources */,
				E10CDF381CD1FFBF006BBE47 /* help.json in Resources */,
				E10CDF3E1CD20440006BBE47 /* HLProductCellCollectionViewCell.xib in Resources */,
			);
			runOnlyForDeploymentPostprocessing = 0;
		};
		E145A5641CCCAC6E00724886 /* Resources */ = {
			isa = PBXResourcesBuildPhase;
			buildActionMask = 2147483647;
			files = (
			);
			runOnlyForDeploymentPostprocessing = 0;
		};
		E145A56F1CCCAC6E00724886 /* Resources */ = {
			isa = PBXResourcesBuildPhase;
			buildActionMask = 2147483647;
			files = (
			);
			runOnlyForDeploymentPostprocessing = 0;
		};
/* End PBXResourcesBuildPhase section */

/* Begin PBXSourcesBuildPhase section */
		E145A5491CCCAC6D00724886 /* Sources */ = {
			isa = PBXSourcesBuildPhase;
			buildActionMask = 2147483647;
			files = (
				E1F8E6E91CD3030500EA1CD9 /* HLBasicTableViewController.m in Sources */,
				E10CDF1D1CD1DDDC006BBE47 /* HLTestViewController.m in Sources */,
				E1F8E6EF1CD30CD600EA1CD9 /* HLSettingLabeltemModel.m in Sources */,
				E10CDF271CD1E1C2006BBE47 /* MBProgressHUD+MJ.m in Sources */,
				E10CDF131CD19D16006BBE47 /* HLSettingCell.m in Sources */,
				E10CDF171CD1A154006BBE47 /* HLSettingArrowItemModel.m in Sources */,
				E101C3921CCDD56500727AC2 /* HLTabBarModel.m in Sources */,
				E101C3951CCDEBA900727AC2 /* HLButton.m in Sources */,
				E1DEDF871CCF5F0C00C11055 /* HLSettingTableViewController.m in Sources */,
				E10CDF291CD1E1C2006BBE47 /* MBProgressHUD.m in Sources */,
				E101C38D1CCDAB8C00727AC2 /* HLTabBar.m in Sources */,
				E10CDF1A1CD1A1A9006BBE47 /* HLSettingSwitchItemModel.m in Sources */,
				E101C39D1CCDF7E700727AC2 /* HLNavigationController.m in Sources */,
				E1DEDF831CCF13A200C11055 /* UIImage+ResizableImage.m in Sources */,
				E10CDF3D1CD20440006BBE47 /* HLProductCellCollectionViewCell.m in Sources */,
				E10CDF2C1CD1EAF4006BBE47 /* HLProductCollectionViewController.m in Sources */,
				E145A5551CCCAC6D00724886 /* AppDelegate.m in Sources */,
				E1BE1EBB1CD060AE00B4854D /* HLSettingItemGroupModel.m in Sources */,
				E101C39A1CCDEF1000727AC2 /* HLHallViewController.m in Sources */,
				E1F8E6E41CD2F75300EA1CD9 /* HLPushTableViewController.m in Sources */,
				E1BE1EB81CD05FDA00B4854D /* HLSettingItemModel.m in Sources */,
				E1DEDF7E1CCF084D00C11055 /* HLLoginViewController.m in Sources */,
				E101C3A11CCE19C900727AC2 /* HLTitleButton.m in Sources */,
				E101C3891CCDAB6200727AC2 /* HLTabBarViewController.m in Sources */,
				E1F8E6F21CD30D3200EA1CD9 /* HLScoreViewController.m in Sources */,
				E145A5521CCCAC6D00724886 /* main.m in Sources */,
				E10CDF311CD1FF53006BBE47 /* HLProductModel.m in Sources */,
			);
			runOnlyForDeploymentPostprocessing = 0;
		};
		E145A5621CCCAC6E00724886 /* Sources */ = {
			isa = PBXSourcesBuildPhase;
			buildActionMask = 2147483647;
			files = (
				E145A56B1CCCAC6E00724886 /* HisunLotteryTests.m in Sources */,
			);
			runOnlyForDeploymentPostprocessing = 0;
		};
		E145A56D1CCCAC6E00724886 /* Sources */ = {
			isa = PBXSourcesBuildPhase;
			buildActionMask = 2147483647;
			files = (
				E145A5761CCCAC6E00724886 /* HisunLotteryUITests.m in Sources */,
			);
			runOnlyForDeploymentPostprocessing = 0;
		};
/* End PBXSourcesBuildPhase section */

/* Begin PBXTargetDependency section */
		E145A5681CCCAC6E00724886 /* PBXTargetDependency */ = {
			isa = PBXTargetDependency;
			target = E145A54C1CCCAC6D00724886 /* HisunLottery */;
			targetProxy = E145A5671CCCAC6E00724886 /* PBXContainerItemProxy */;
		};
		E145A5731CCCAC6E00724886 /* PBXTargetDependency */ = {
			isa = PBXTargetDependency;
			target = E145A54C1CCCAC6D00724886 /* HisunLottery */;
			targetProxy = E145A5721CCCAC6E00724886 /* PBXContainerItemProxy */;
		};
/* End PBXTargetDependency section */

/* Begin PBXVariantGroup section */
		E145A5591CCCAC6D00724886 /* Main.storyboard */ = {
			isa = PBXVariantGroup;
			children = (
				E145A55A1CCCAC6D00724886 /* Base */,
			);
			name = Main.storyboard;
			sourceTree = "<group>";
		};
		E145A55E1CCCAC6D00724886 /* LaunchScreen.storyboard */ = {
			isa = PBXVariantGroup;
			children = (
				E145A55F1CCCAC6D00724886 /* Base */,
			);
			name = LaunchScreen.storyboard;
			sourceTree = "<group>";
		};
/* End PBXVariantGroup section */

/* Begin XCBuildConfiguration section */
		E145A5781CCCAC6E00724886 /* Debug */ = {
			isa = XCBuildConfiguration;
			buildSettings = {
				ALWAYS_SEARCH_USER_PATHS = NO;
				CLANG_CXX_LANGUAGE_STANDARD = "gnu++0x";
				CLANG_CXX_LIBRARY = "libc++";
				CLANG_ENABLE_MODULES = YES;
				CLANG_ENABLE_OBJC_ARC = YES;
				CLANG_WARN_BOOL_CONVERSION = YES;
				CLANG_WARN_CONSTANT_CONVERSION = YES;
				CLANG_WARN_DIRECT_OBJC_ISA_USAGE = YES_ERROR;
				CLANG_WARN_EMPTY_BODY = YES;
				CLANG_WARN_ENUM_CONVERSION = YES;
				CLANG_WARN_INT_CONVERSION = YES;
				CLANG_WARN_OBJC_ROOT_CLASS = YES_ERROR;
				CLANG_WARN_UNREACHABLE_CODE = YES;
				CLANG_WARN__DUPLICATE_METHOD_MATCH = YES;
				CODE_SIGN_IDENTITY = "iPhone Developer: zhang_kn@icloud.com (X89C52XQPT)";
				"CODE_SIGN_IDENTITY[sdk=iphoneos*]" = "iPhone Developer";
				COPY_PHASE_STRIP = NO;
				DEBUG_INFORMATION_FORMAT = dwarf;
				ENABLE_STRICT_OBJC_MSGSEND = YES;
				ENABLE_TESTABILITY = YES;
				GCC_C_LANGUAGE_STANDARD = gnu99;
				GCC_DYNAMIC_NO_PIC = NO;
				GCC_NO_COMMON_BLOCKS = YES;
				GCC_OPTIMIZATION_LEVEL = 0;
				GCC_PRECOMPILE_PREFIX_HEADER = YES;
				GCC_PREPROCESSOR_DEFINITIONS = (
					"DEBUG=1",
					"$(inherited)",
				);
				GCC_WARN_64_TO_32_BIT_CONVERSION = YES;
				GCC_WARN_ABOUT_RETURN_TYPE = YES_ERROR;
				GCC_WARN_UNDECLARED_SELECTOR = YES;
				GCC_WARN_UNINITIALIZED_AUTOS = YES_AGGRESSIVE;
				GCC_WARN_UNUSED_FUNCTION = YES;
				GCC_WARN_UNUSED_VARIABLE = YES;
				IPHONEOS_DEPLOYMENT_TARGET = 9.2;
				MTL_ENABLE_DEBUG_INFO = YES;
				ONLY_ACTIVE_ARCH = YES;
				SDKROOT = iphoneos;
			};
			name = Debug;
		};
		E145A5791CCCAC6E00724886 /* Release */ = {
			isa = XCBuildConfiguration;
			buildSettings = {
				ALWAYS_SEARCH_USER_PATHS = NO;
				CLANG_CXX_LANGUAGE_STANDARD = "gnu++0x";
				CLANG_CXX_LIBRARY = "libc++";
				CLANG_ENABLE_MODULES = YES;
				CLANG_ENABLE_OBJC_ARC = YES;
				CLANG_WARN_BOOL_CONVERSION = YES;
				CLANG_WARN_CONSTANT_CONVERSION = YES;
				CLANG_WARN_DIRECT_OBJC_ISA_USAGE = YES_ERROR;
				CLANG_WARN_EMPTY_BODY = YES;
				CLANG_WARN_ENUM_CONVERSION = YES;
				CLANG_WARN_INT_CONVERSION = YES;
				CLANG_WARN_OBJC_ROOT_CLASS = YES_ERROR;
				CLANG_WARN_UNREACHABLE_CODE = YES;
				CLANG_WARN__DUPLICATE_METHOD_MATCH = YES;
				CODE_SIGN_IDENTITY = "iPhone Developer: zhang_kn@icloud.com (X89C52XQPT)";
				"CODE_SIGN_IDENTITY[sdk=iphoneos*]" = "iPhone Developer";
				COPY_PHASE_STRIP = NO;
				DEBUG_INFORMATION_FORMAT = "dwarf-with-dsym";
				ENABLE_NS_ASSERTIONS = NO;
				ENABLE_STRICT_OBJC_MSGSEND = YES;
				GCC_C_LANGUAGE_STANDARD = gnu99;
				GCC_NO_COMMON_BLOCKS = YES;
				GCC_PRECOMPILE_PREFIX_HEADER = YES;
				GCC_WARN_64_TO_32_BIT_CONVERSION = YES;
				GCC_WARN_ABOUT_RETURN_TYPE = YES_ERROR;
				GCC_WARN_UNDECLARED_SELECTOR = YES;
				GCC_WARN_UNINITIALIZED_AUTOS = YES_AGGRESSIVE;
				GCC_WARN_UNUSED_FUNCTION = YES;
				GCC_WARN_UNUSED_VARIABLE = YES;
				IPHONEOS_DEPLOYMENT_TARGET = 9.2;
				MTL_ENABLE_DEBUG_INFO = NO;
				ONLY_ACTIVE_ARCH = YES;
				SDKROOT = iphoneos;
				VALIDATE_PRODUCT = YES;
			};
			name = Release;
		};
		E145A57B1CCCAC6E00724886 /* Debug */ = {
			isa = XCBuildConfiguration;
			buildSettings = {
				ASSETCATALOG_COMPILER_APPICON_NAME = AppIcon;
				CODE_SIGN_IDENTITY = "iPhone Developer";
				"CODE_SIGN_IDENTITY[sdk=iphoneos*]" = "iPhone Developer";
				GCC_PRECOMPILE_PREFIX_HEADER = YES;
				GCC_PREFIX_HEADER = "HisunLottery/HisunLottery-Prefix.pch";
				INFOPLIST_FILE = HisunLottery/Info.plist;
				IPHONEOS_DEPLOYMENT_TARGET = 9.2;
				LD_RUNPATH_SEARCH_PATHS = "$(inherited) @executable_path/Frameworks";
				ONLY_ACTIVE_ARCH = YES;
				OTHER_LDFLAGS = "";
				PRODUCT_BUNDLE_IDENTIFIER = com.hisunpay.www.HisunLottery;
				PRODUCT_NAME = "$(TARGET_NAME)";
				PROVISIONING_PROFILE = "";
			};
			name = Debug;
		};
		E145A57C1CCCAC6E00724886 /* Release */ = {
			isa = XCBuildConfiguration;
			buildSettings = {
				ASSETCATALOG_COMPILER_APPICON_NAME = AppIcon;
				CODE_SIGN_IDENTITY = "iPhone Developer";
				"CODE_SIGN_IDENTITY[sdk=iphoneos*]" = "iPhone Developer";
				GCC_PRECOMPILE_PREFIX_HEADER = YES;
				GCC_PREFIX_HEADER = "HisunLottery/HisunLottery-Prefix.pch";
				INFOPLIST_FILE = HisunLottery/Info.plist;
				IPHONEOS_DEPLOYMENT_TARGET = 9.2;
				LD_RUNPATH_SEARCH_PATHS = "$(inherited) @executable_path/Frameworks";
				ONLY_ACTIVE_ARCH = YES;
				OTHER_LDFLAGS = "";
				PRODUCT_BUNDLE_IDENTIFIER = com.hisunpay.www.HisunLottery;
				PRODUCT_NAME = "$(TARGET_NAME)";
				PROVISIONING_PROFILE = "";
			};
			name = Release;
		};
		E145A57E1CCCAC6E00724886 /* Debug */ = {
			isa = XCBuildConfiguration;
			buildSettings = {
				BUNDLE_LOADER = "$(TEST_HOST)";
				INFOPLIST_FILE = HisunLotteryTests/Info.plist;
				LD_RUNPATH_SEARCH_PATHS = "$(inherited) @executable_path/Frameworks @loader_path/Frameworks";
				PRODUCT_BUNDLE_IDENTIFIER = com.hisunpay.www.HisunLotteryTests;
				PRODUCT_NAME = "$(TARGET_NAME)";
				TEST_HOST = "$(BUILT_PRODUCTS_DIR)/HisunLottery.app/HisunLottery";
			};
			name = Debug;
		};
		E145A57F1CCCAC6E00724886 /* Release */ = {
			isa = XCBuildConfiguration;
			buildSettings = {
				BUNDLE_LOADER = "$(TEST_HOST)";
				INFOPLIST_FILE = HisunLotteryTests/Info.plist;
				LD_RUNPATH_SEARCH_PATHS = "$(inherited) @executable_path/Frameworks @loader_path/Frameworks";
				PRODUCT_BUNDLE_IDENTIFIER = com.hisunpay.www.HisunLotteryTests;
				PRODUCT_NAME = "$(TARGET_NAME)";
				TEST_HOST = "$(BUILT_PRODUCTS_DIR)/HisunLottery.app/HisunLottery";
			};
			name = Release;
		};
		E145A5811CCCAC6E00724886 /* Debug */ = {
			isa = XCBuildConfiguration;
			buildSettings = {
				INFOPLIST_FILE = HisunLotteryUITests/Info.plist;
				LD_RUNPATH_SEARCH_PATHS = "$(inherited) @executable_path/Frameworks @loader_path/Frameworks";
				PRODUCT_BUNDLE_IDENTIFIER = com.hisunpay.www.HisunLotteryUITests;
				PRODUCT_NAME = "$(TARGET_NAME)";
				TEST_TARGET_NAME = HisunLottery;
				USES_XCTRUNNER = YES;
			};
			name = Debug;
		};
		E145A5821CCCAC6E00724886 /* Release */ = {
			isa = XCBuildConfiguration;
			buildSettings = {
				INFOPLIST_FILE = HisunLotteryUITests/Info.plist;
				LD_RUNPATH_SEARCH_PATHS = "$(inherited) @executable_path/Frameworks @loader_path/Frameworks";
				PRODUCT_BUNDLE_IDENTIFIER = com.hisunpay.www.HisunLotteryUITests;
				PRODUCT_NAME = "$(TARGET_NAME)";
				TEST_TARGET_NAME = HisunLottery;
				USES_XCTRUNNER = YES;
			};
			name = Release;
		};
/* End XCBuildConfiguration section */

/* Begin XCConfigurationList section */
		E145A5481CCCAC6D00724886 /* Build configuration list for PBXProject "HisunLottery" */ = {
			isa = XCConfigurationList;
			buildConfigurations = (
				E145A5781CCCAC6E00724886 /* Debug */,
				E145A5791CCCAC6E00724886 /* Release */,
			);
			defaultConfigurationIsVisible = 0;
			defaultConfigurationName = Release;
		};
		E145A57A1CCCAC6E00724886 /* Build configuration list for PBXNativeTarget "HisunLottery" */ = {
			isa = XCConfigurationList;
			buildConfigurations = (
				E145A57B1CCCAC6E00724886 /* Debug */,
				E145A57C1CCCAC6E00724886 /* Release */,
			);
			defaultConfigurationIsVisible = 0;
			defaultConfigurationName = Release;
		};
		E145A57D1CCCAC6E00724886 /* Build configuration list for PBXNativeTarget "HisunLotteryTests" */ = {
			isa = XCConfigurationList;
			buildConfigurations = (
				E145A57E1CCCAC6E00724886 /* Debug */,
				E145A57F1CCCAC6E00724886 /* Release */,
			);
			defaultConfigurationIsVisible = 0;
			defaultConfigurationName = Release;
		};
		E145A5801CCCAC6E00724886 /* Build configuration list for PBXNativeTarget "HisunLotteryUITests" */ = {
			isa = XCConfigurationList;
			buildConfigurations = (
				E145A5811CCCAC6E00724886 /* Debug */,
				E145A5821CCCAC6E00724886 /* Release */,
			);
			defaultConfigurationIsVisible = 0;
			defaultConfigurationName = Release;
		};
/* End XCConfigurationList section */
	};
	rootObject = E145A5451CCCAC6D00724886 /* Project object */;
}
